
Microsoft Visual Studio Solution File, Format Version 12.00
# Visual Studio 2013
VisualStudioVersion = 12.0.30110.0
MinimumVisualStudioVersion = 10.0.40219.1
Project("{FAE04EC0-301F-11D3-BF4B-00C04F79EFBC}") = "authModule", "authModule\authModule.csproj", "{3ED42D0D-6F56-4333-A827-E923C494B26B}"
EndProject
Project("{FAE04EC0-301F-11D3-BF4B-00C04F79EFBC}") = "ConfigurationModule", "ConfigurationModule\ConfigurationModule.csproj", "{8484D7AC-091F-49CE-BFC3-8BF09EAD6F9B}"
EndProject
Project("{FAE04EC0-301F-11D3-BF4B-00C04F79EFBC}") = "SystemServicesModule", "SystemServicesModule\SystemServicesModule.csproj", "{F5D89019-B3CD-4915-8119-707D076230F7}"
EndProject
Project("{FAE04EC0-301F-11D3-BF4B-00C04F79EFBC}") = "SystemIdentityModule", "SystemIdentityModule\SystemIdentityModule.csproj", "{8310F831-852B-45D2-86F7-354B56BCFE10}"
EndProject
Global
	GlobalSection(SolutionConfigurationPlatforms) = preSolution
		Debug|Any CPU = Debug|Any CPU
		Release|Any CPU = Release|Any CPU
	EndGlobalSection
	GlobalSection(ProjectConfigurationPlatforms) = postSolution
		{3ED42D0D-6F56-4333-A827-E923C494B26B}.Debug|Any CPU.ActiveCfg = Debug|Any CPU
		{3ED42D0D-6F56-4333-A827-E923C494B26B}.Debug|Any CPU.Build.0 = Debug|Any CPU
		{3ED42D0D-6F56-4333-A827-E923C494B26B}.Release|Any CPU.ActiveCfg = Release|Any CPU
		{3ED42D0D-6F56-4333-A827-E923C494B26B}.Release|Any CPU.Build.0 = Release|Any CPU
		{8484D7AC-091F-49CE-BFC3-8BF09EAD6F9B}.Debug|Any CPU.ActiveCfg = Debug|Any CPU
		{8484D7AC-091F-49CE-BFC3-8BF09EAD6F9B}.Debug|Any CPU.Build.0 = Debug|Any CPU
		{8484D7AC-091F-49CE-BFC3-8BF09EAD6F9B}.Release|Any CPU.ActiveCfg = Release|Any CPU
		{8484D7AC-091F-49CE-BFC3-8BF09EAD6F9B}.Release|Any CPU.Build.0 = Release|Any CPU
		{F5D89019-B3CD-4915-8119-707D076230F7}.Debug|Any CPU.ActiveCfg = Debug|Any CPU
		{F5D89019-B3CD-4915-8119-707D076230F7}.Debug|Any CPU.Build.0 = Debug|Any CPU
		{F5D89019-B3CD-4915-8119-707D076230F7}.Release|Any CPU.ActiveCfg = Release|Any CPU
		{F5D89019-B3CD-4915-8119-707D076230F7}.Release|Any CPU.Build.0 = Release|Any CPU
		{8310F831-852B-45D2-86F7-354B56BCFE10}.Debug|Any CPU.ActiveCfg = Debug|Any CPU
		{8310F831-852B-45D2-86F7-354B56BCFE10}.Debug|Any CPU.Build.0 = Debug|Any CPU
		{8310F831-852B-45D2-86F7-354B56BCFE10}.Release|Any CPU.ActiveCfg = Release|Any CPU
		{8310F831-852B-45D2-86F7-354B56BCFE10}.Release|Any CPU.Build.0 = Release|Any CPU
	EndGlobalSection
	GlobalSection(SolutionProperties) = preSolution
		HideSolutionNode = FALSE
	EndGlobalSection
EndGlobal
